
Microsoft Visual Studio Solution File, Format Version 12.00
# Visual Studio 15
VisualStudioVersion = 15.0.28307.757
MinimumVisualStudioVersion = 10.0.40219.1
Project("{FAE04EC0-301F-11D3-BF4B-00C04F79EFBC}") = "AnyCompany", "AnyCompany\AnyCompany.csproj", "{60C03DE4-59B0-4A80-841D-4A8DF8CF27BF}"
EndProject
Global
	GlobalSection(SolutionConfigurationPlatforms) = preSolution
		Debug|Any CPU = Debug|Any CPU
		Release|Any CPU = Release|Any CPU
	EndGlobalSection
	GlobalSection(ProjectConfigurationPlatforms) = postSolution
		{60C03DE4-59B0-4A80-841D-4A8DF8CF27BF}.Debug|Any CPU.ActiveCfg = Debug|Any CPU
		{60C03DE4-59B0-4A80-841D-4A8DF8CF27BF}.Debug|Any CPU.Build.0 = Debug|Any CPU
		{60C03DE4-59B0-4A80-841D-4A8DF8CF27BF}.Release|Any CPU.ActiveCfg = Release|Any CPU
		{60C03DE4-59B0-4A80-841D-4A8DF8CF27BF}.Release|Any CPU.Build.0 = Release|Any CPU
	EndGlobalSection
	GlobalSection(SolutionProperties) = preSolution
		HideSolutionNode = FALSE
	EndGlobalSection
	GlobalSection(ExtensibilityGlobals) = postSolution
		SolutionGuid = {CC597AA1-B470-4553-960C-4003631CB4E6}
	EndGlobalSection
EndGlobal
